
Microsoft Visual Studio Solution File, Format Version 12.00
# Visual Studio Version 17
VisualStudioVersion = 17.0.31903.59
MinimumVisualStudioVersion = 10.0.40219.1
Project("{2150E333-8FDC-42A3-9474-1A3956D46DE8}") = "src", "src", "{827E0CD3-B72D-47B6-A68D-7590B98EB39B}"
EndProject
Project("{FAE04EC0-301F-11D3-BF4B-00C04F79EFBC}") = "LandaDoc.Shared", "src\LandaDoc.Shared\LandaDoc.Shared.csproj", "{EE5B2EC2-460B-4AAD-B58B-B9603685BC67}"
EndProject
Project("{FAE04EC0-301F-11D3-BF4B-00C04F79EFBC}") = "LandaDoc.Gateway", "src\LandaDoc.Gateway\LandaDoc.Gateway.csproj", "{CC700312-52DC-4907-9AC3-FB2158B2253B}"
EndProject
Project("{2150E333-8FDC-42A3-9474-1A3956D46DE8}") = "Services", "Services", "{984BB9B3-3FA3-BE33-9484-CAC21695A33C}"
EndProject
Project("{2150E333-8FDC-42A3-9474-1A3956D46DE8}") = "Identity", "Identity", "{1BFC9479-12BF-35C3-06B8-42D89D95092B}"
EndProject
Project("{FAE04EC0-301F-11D3-BF4B-00C04F79EFBC}") = "LandaDoc.Identity", "src\Services\Identity\LandaDoc.Identity.csproj", "{A8C86100-C836-4CB3-8A91-BA5C6C925ED3}"
EndProject
Project("{2150E333-8FDC-42A3-9474-1A3956D46DE8}") = "Appointment", "Appointment", "{8D6DAE33-E913-7C10-D9DC-8EE10E31038A}"
EndProject
Project("{FAE04EC0-301F-11D3-BF4B-00C04F79EFBC}") = "LandaDoc.Appointment", "src\Services\Appointment\LandaDoc.Appointment.csproj", "{47AF1604-0FC3-4E0A-8303-DC06D332DA4D}"
EndProject
Project("{2150E333-8FDC-42A3-9474-1A3956D46DE8}") = "Availability", "Availability", "{781060A2-47B6-8DB1-457A-25EE4B941072}"
EndProject
Project("{FAE04EC0-301F-11D3-BF4B-00C04F79EFBC}") = "LandaDoc.Availability", "src\Services\Availability\LandaDoc.Availability.csproj", "{0D656327-A4CE-4A51-8907-ABF40DAA0AA2}"
EndProject
Project("{2150E333-8FDC-42A3-9474-1A3956D46DE8}") = "Payment", "Payment", "{3FB03296-F262-2760-9861-73C41AF3766C}"
EndProject
Project("{2150E333-8FDC-42A3-9474-1A3956D46DE8}") = "Notification", "Notification", "{C5FBE174-8E0F-F5A3-B929-8BD0C55C0A32}"
EndProject
Project("{FAE04EC0-301F-11D3-BF4B-00C04F79EFBC}") = "LandaDoc.Notification", "src\Services\Notification\LandaDoc.Notification.csproj", "{4BC15014-E64F-4BA1-8335-F2F6F1EAD531}"
EndProject
Project("{2150E333-8FDC-42A3-9474-1A3956D46DE8}") = "Search", "Search", "{15205FB7-FFC1-5D2C-3DA3-496B77A968F0}"
EndProject
Project("{2150E333-8FDC-42A3-9474-1A3956D46DE8}") = "Document", "Document", "{8EA49C2B-A984-EA72-4646-7E60B35BA0FC}"
EndProject
Project("{FAE04EC0-301F-11D3-BF4B-00C04F79EFBC}") = "LandaDoc.Document", "src\Services\Document\LandaDoc.Document.csproj", "{312C738D-A4D7-49F8-A32A-AA16ABE06B99}"
EndProject
Project("{2150E333-8FDC-42A3-9474-1A3956D46DE8}") = "Review", "Review", "{5AFB76E0-5870-0CFD-DAC0-FE3ADB92FF83}"
EndProject
Project("{2150E333-8FDC-42A3-9474-1A3956D46DE8}") = "Admin", "Admin", "{023B9AA2-7486-B2A3-4322-CC29E28BB2EB}"
EndProject
Project("{FAE04EC0-301F-11D3-BF4B-00C04F79EFBC}") = "LandaDoc.Admin", "src\Services\Admin\LandaDoc.Admin.csproj", "{B714A327-4A87-4115-ADC4-19F48B24C727}"
EndProject
Project("{2150E333-8FDC-42A3-9474-1A3956D46DE8}") = "Frontend", "Frontend", "{42299874-777B-F2D0-9D08-D24097ABCE7E}"
EndProject
Project("{2150E333-8FDC-42A3-9474-1A3956D46DE8}") = "Patient", "Patient", "{B909240E-54CE-5A78-9426-B49981DB29AD}"
EndProject
Project("{FAE04EC0-301F-11D3-BF4B-00C04F79EFBC}") = "LandaDoc.Patient", "src\Frontend\Patient\LandaDoc.Patient.csproj", "{A0EB328B-0335-400D-9F3A-9039344BE471}"
EndProject
Project("{2150E333-8FDC-42A3-9474-1A3956D46DE8}") = "Doctor", "Doctor", "{4F4F1A4F-82EE-C461-606C-2A3F43705FB8}"
EndProject
Project("{FAE04EC0-301F-11D3-BF4B-00C04F79EFBC}") = "LandaDoc.Doctor", "src\Frontend\Doctor\LandaDoc.Doctor.csproj", "{BB251A00-C46F-414C-B122-190A7178FDF9}"
EndProject
Project("{FAE04EC0-301F-11D3-BF4B-00C04F79EFBC}") = "LandaDoc.Frontend.Shared", "src\Frontend\LandaDoc.Frontend.Shared\LandaDoc.Frontend.Shared.csproj", "{C1ACF9DF-F635-46E3-8B38-5B9674C86DCB}"
EndProject
Project("{2150E333-8FDC-42A3-9474-1A3956D46DE8}") = "Admin", "Admin", "{6BF85B35-DBB4-AB30-6B6F-FD7DC0736DFA}"
EndProject
Project("{FAE04EC0-301F-11D3-BF4B-00C04F79EFBC}") = "LandaDoc.AdminApp", "src\Frontend\Admin\LandaDoc.AdminApp.csproj", "{B30727E4-F0E2-45E4-BD09-7A0D72513E02}"
EndProject
Project("{2150E333-8FDC-42A3-9474-1A3956D46DE8}") = "Patient.Mobile", "Patient.Mobile", "{A974CE43-FE4B-D811-309A-5349E7AF3A05}"
EndProject
Project("{FAE04EC0-301F-11D3-BF4B-00C04F79EFBC}") = "LandaDoc.Patient.Mobile", "src\Frontend\Patient.Mobile\LandaDoc.Patient.Mobile.csproj", "{481E30EE-F57B-44AE-BA3C-9DF194713E33}"
EndProject
Project("{FAE04EC0-301F-11D3-BF4B-00C04F79EFBC}") = "LandaDoc.Doctor.Mobile", "src\Frontend\Doctor.Mobile\LandaDoc.Doctor.Mobile.csproj", "{351DC3E2-241B-4431-9D4A-A896A1495425}"
EndProject
Global
	GlobalSection(SolutionConfigurationPlatforms) = preSolution
		Debug|Any CPU = Debug|Any CPU
		Debug|x64 = Debug|x64
		Debug|x86 = Debug|x86
		Release|Any CPU = Release|Any CPU
		Release|x64 = Release|x64
		Release|x86 = Release|x86
	EndGlobalSection
	GlobalSection(ProjectConfigurationPlatforms) = postSolution
		{EE5B2EC2-460B-4AAD-B58B-B9603685BC67}.Debug|Any CPU.ActiveCfg = Debug|Any CPU
		{EE5B2EC2-460B-4AAD-B58B-B9603685BC67}.Debug|Any CPU.Build.0 = Debug|Any CPU
		{EE5B2EC2-460B-4AAD-B58B-B9603685BC67}.Debug|x64.ActiveCfg = Debug|Any CPU
		{EE5B2EC2-460B-4AAD-B58B-B9603685BC67}.Debug|x64.Build.0 = Debug|Any CPU
		{EE5B2EC2-460B-4AAD-B58B-B9603685BC67}.Debug|x86.ActiveCfg = Debug|Any CPU
		{EE5B2EC2-460B-4AAD-B58B-B9603685BC67}.Debug|x86.Build.0 = Debug|Any CPU
		{EE5B2EC2-460B-4AAD-B58B-B9603685BC67}.Release|Any CPU.ActiveCfg = Release|Any CPU
		{EE5B2EC2-460B-4AAD-B58B-B9603685BC67}.Release|Any CPU.Build.0 = Release|Any CPU
		{EE5B2EC2-460B-4AAD-B58B-B9603685BC67}.Release|x64.ActiveCfg = Release|Any CPU
		{EE5B2EC2-460B-4AAD-B58B-B9603685BC67}.Release|x64.Build.0 = Release|Any CPU
		{EE5B2EC2-460B-4AAD-B58B-B9603685BC67}.Release|x86.ActiveCfg = Release|Any CPU
		{EE5B2EC2-460B-4AAD-B58B-B9603685BC67}.Release|x86.Build.0 = Release|Any CPU
		{CC700312-52DC-4907-9AC3-FB2158B2253B}.Debug|Any CPU.ActiveCfg = Debug|Any CPU
		{CC700312-52DC-4907-9AC3-FB2158B2253B}.Debug|Any CPU.Build.0 = Debug|Any CPU
		{CC700312-52DC-4907-9AC3-FB2158B2253B}.Debug|x64.ActiveCfg = Debug|Any CPU
		{CC700312-52DC-4907-9AC3-FB2158B2253B}.Debug|x64.Build.0 = Debug|Any CPU
		{CC700312-52DC-4907-9AC3-FB2158B2253B}.Debug|x86.ActiveCfg = Debug|Any CPU
		{CC700312-52DC-4907-9AC3-FB2158B2253B}.Debug|x86.Build.0 = Debug|Any CPU
		{CC700312-52DC-4907-9AC3-FB2158B2253B}.Release|Any CPU.ActiveCfg = Release|Any CPU
		{CC700312-52DC-4907-9AC3-FB2158B2253B}.Release|Any CPU.Build.0 = Release|Any CPU
		{CC700312-52DC-4907-9AC3-FB2158B2253B}.Release|x64.ActiveCfg = Release|Any CPU
		{CC700312-52DC-4907-9AC3-FB2158B2253B}.Release|x64.Build.0 = Release|Any CPU
		{CC700312-52DC-4907-9AC3-FB2158B2253B}.Release|x86.ActiveCfg = Release|Any CPU
		{CC700312-52DC-4907-9AC3-FB2158B2253B}.Release|x86.Build.0 = Release|Any CPU
		{A8C86100-C836-4CB3-8A91-BA5C6C925ED3}.Debug|Any CPU.ActiveCfg = Debug|Any CPU
		{A8C86100-C836-4CB3-8A91-BA5C6C925ED3}.Debug|Any CPU.Build.0 = Debug|Any CPU
		{A8C86100-C836-4CB3-8A91-BA5C6C925ED3}.Debug|x64.ActiveCfg = Debug|Any CPU
		{A8C86100-C836-4CB3-8A91-BA5C6C925ED3}.Debug|x64.Build.0 = Debug|Any CPU
		{A8C86100-C836-4CB3-8A91-BA5C6C925ED3}.Debug|x86.ActiveCfg = Debug|Any CPU
		{A8C86100-C836-4CB3-8A91-BA5C6C925ED3}.Debug|x86.Build.0 = Debug|Any CPU
		{A8C86100-C836-4CB3-8A91-BA5C6C925ED3}.Release|Any CPU.ActiveCfg = Release|Any CPU
		{A8C86100-C836-4CB3-8A91-BA5C6C925ED3}.Release|Any CPU.Build.0 = Release|Any CPU
		{A8C86100-C836-4CB3-8A91-BA5C6C925ED3}.Release|x64.ActiveCfg = Release|Any CPU
		{A8C86100-C836-4CB3-8A91-BA5C6C925ED3}.Release|x64.Build.0 = Release|Any CPU
		{A8C86100-C836-4CB3-8A91-BA5C6C925ED3}.Release|x86.ActiveCfg = Release|Any CPU
		{A8C86100-C836-4CB3-8A91-BA5C6C925ED3}.Release|x86.Build.0 = Release|Any CPU
		{47AF1604-0FC3-4E0A-8303-DC06D332DA4D}.Debug|Any CPU.ActiveCfg = Debug|Any CPU
		{47AF1604-0FC3-4E0A-8303-DC06D332DA4D}.Debug|Any CPU.Build.0 = Debug|Any CPU
		{47AF1604-0FC3-4E0A-8303-DC06D332DA4D}.Debug|x64.ActiveCfg = Debug|Any CPU
		{47AF1604-0FC3-4E0A-8303-DC06D332DA4D}.Debug|x64.Build.0 = Debug|Any CPU
		{47AF1604-0FC3-4E0A-8303-DC06D332DA4D}.Debug|x86.ActiveCfg = Debug|Any CPU
		{47AF1604-0FC3-4E0A-8303-DC06D332DA4D}.Debug|x86.Build.0 = Debug|Any CPU
		{47AF1604-0FC3-4E0A-8303-DC06D332DA4D}.Release|Any CPU.ActiveCfg = Release|Any CPU
		{47AF1604-0FC3-4E0A-8303-DC06D332DA4D}.Release|Any CPU.Build.0 = Release|Any CPU
		{47AF1604-0FC3-4E0A-8303-DC06D332DA4D}.Release|x64.ActiveCfg = Release|Any CPU
		{47AF1604-0FC3-4E0A-8303-DC06D332DA4D}.Release|x64.Build.0 = Release|Any CPU
		{47AF1604-0FC3-4E0A-8303-DC06D332DA4D}.Release|x86.ActiveCfg = Release|Any CPU
		{47AF1604-0FC3-4E0A-8303-DC06D332DA4D}.Release|x86.Build.0 = Release|Any CPU
		{0D656327-A4CE-4A51-8907-ABF40DAA0AA2}.Debug|Any CPU.ActiveCfg = Debug|Any CPU
		{0D656327-A4CE-4A51-8907-ABF40DAA0AA2}.Debug|Any CPU.Build.0 = Debug|Any CPU
		{0D656327-A4CE-4A51-8907-ABF40DAA0AA2}.Debug|x64.ActiveCfg = Debug|Any CPU
		{0D656327-A4CE-4A51-8907-ABF40DAA0AA2}.Debug|x64.Build.0 = Debug|Any CPU
		{0D656327-A4CE-4A51-8907-ABF40DAA0AA2}.Debug|x86.ActiveCfg = Debug|Any CPU
		{0D656327-A4CE-4A51-8907-ABF40DAA0AA2}.Debug|x86.Build.0 = Debug|Any CPU
		{0D656327-A4CE-4A51-8907-ABF40DAA0AA2}.Release|Any CPU.ActiveCfg = Release|Any CPU
		{0D656327-A4CE-4A51-8907-ABF40DAA0AA2}.Release|Any CPU.Build.0 = Release|Any CPU
		{0D656327-A4CE-4A51-8907-ABF40DAA0AA2}.Release|x64.ActiveCfg = Release|Any CPU
		{0D656327-A4CE-4A51-8907-ABF40DAA0AA2}.Release|x64.Build.0 = Release|Any CPU
		{0D656327-A4CE-4A51-8907-ABF40DAA0AA2}.Release|x86.ActiveCfg = Release|Any CPU
		{0D656327-A4CE-4A51-8907-ABF40DAA0AA2}.Release|x86.Build.0 = Release|Any CPU
		{4BC15014-E64F-4BA1-8335-F2F6F1EAD531}.Debug|Any CPU.ActiveCfg = Debug|Any CPU
		{4BC15014-E64F-4BA1-8335-F2F6F1EAD531}.Debug|Any CPU.Build.0 = Debug|Any CPU
		{4BC15014-E64F-4BA1-8335-F2F6F1EAD531}.Debug|x64.ActiveCfg = Debug|Any CPU
		{4BC15014-E64F-4BA1-8335-F2F6F1EAD531}.Debug|x64.Build.0 = Debug|Any CPU
		{4BC15014-E64F-4BA1-8335-F2F6F1EAD531}.Debug|x86.ActiveCfg = Debug|Any CPU
		{4BC15014-E64F-4BA1-8335-F2F6F1EAD531}.Debug|x86.Build.0 = Debug|Any CPU
		{4BC15014-E64F-4BA1-8335-F2F6F1EAD531}.Release|Any CPU.ActiveCfg = Release|Any CPU
		{4BC15014-E64F-4BA1-8335-F2F6F1EAD531}.Release|Any CPU.Build.0 = Release|Any CPU
		{4BC15014-E64F-4BA1-8335-F2F6F1EAD531}.Release|x64.ActiveCfg = Release|Any CPU
		{4BC15014-E64F-4BA1-8335-F2F6F1EAD531}.Release|x64.Build.0 = Release|Any CPU
		{4BC15014-E64F-4BA1-8335-F2F6F1EAD531}.Release|x86.ActiveCfg = Release|Any CPU
		{4BC15014-E64F-4BA1-8335-F2F6F1EAD531}.Release|x86.Build.0 = Release|Any CPU
		{312C738D-A4D7-49F8-A32A-AA16ABE06B99}.Debug|Any CPU.ActiveCfg = Debug|Any CPU
		{312C738D-A4D7-49F8-A32A-AA16ABE06B99}.Debug|Any CPU.Build.0 = Debug|Any CPU
		{312C738D-A4D7-49F8-A32A-AA16ABE06B99}.Debug|x64.ActiveCfg = Debug|Any CPU
		{312C738D-A4D7-49F8-A32A-AA16ABE06B99}.Debug|x64.Build.0 = Debug|Any CPU
		{312C738D-A4D7-49F8-A32A-AA16ABE06B99}.Debug|x86.ActiveCfg = Debug|Any CPU
		{312C738D-A4D7-49F8-A32A-AA16ABE06B99}.Debug|x86.Build.0 = Debug|Any CPU
		{312C738D-A4D7-49F8-A32A-AA16ABE06B99}.Release|Any CPU.ActiveCfg = Release|Any CPU
		{312C738D-A4D7-49F8-A32A-AA16ABE06B99}.Release|Any CPU.Build.0 = Release|Any CPU
		{312C738D-A4D7-49F8-A32A-AA16ABE06B99}.Release|x64.ActiveCfg = Release|Any CPU
		{312C738D-A4D7-49F8-A32A-AA16ABE06B99}.Release|x64.Build.0 = Release|Any CPU
		{312C738D-A4D7-49F8-A32A-AA16ABE06B99}.Release|x86.ActiveCfg = Release|Any CPU
		{312C738D-A4D7-49F8-A32A-AA16ABE06B99}.Release|x86.Build.0 = Release|Any CPU
		{B714A327-4A87-4115-ADC4-19F48B24C727}.Debug|Any CPU.ActiveCfg = Debug|Any CPU
		{B714A327-4A87-4115-ADC4-19F48B24C727}.Debug|Any CPU.Build.0 = Debug|Any CPU
		{B714A327-4A87-4115-ADC4-19F48B24C727}.Debug|x64.ActiveCfg = Debug|Any CPU
		{B714A327-4A87-4115-ADC4-19F48B24C727}.Debug|x64.Build.0 = Debug|Any CPU
		{B714A327-4A87-4115-ADC4-19F48B24C727}.Debug|x86.ActiveCfg = Debug|Any CPU
		{B714A327-4A87-4115-ADC4-19F48B24C727}.Debug|x86.Build.0 = Debug|Any CPU
		{B714A327-4A87-4115-ADC4-19F48B24C727}.Release|Any CPU.ActiveCfg = Release|Any CPU
		{B714A327-4A87-4115-ADC4-19F48B24C727}.Release|Any CPU.Build.0 = Release|Any CPU
		{B714A327-4A87-4115-ADC4-19F48B24C727}.Release|x64.ActiveCfg = Release|Any CPU
		{B714A327-4A87-4115-ADC4-19F48B24C727}.Release|x64.Build.0 = Release|Any CPU
		{B714A327-4A87-4115-ADC4-19F48B24C727}.Release|x86.ActiveCfg = Release|Any CPU
		{B714A327-4A87-4115-ADC4-19F48B24C727}.Release|x86.Build.0 = Release|Any CPU
		{A0EB328B-0335-400D-9F3A-9039344BE471}.Debug|Any CPU.ActiveCfg = Debug|Any CPU
		{A0EB328B-0335-400D-9F3A-9039344BE471}.Debug|Any CPU.Build.0 = Debug|Any CPU
		{A0EB328B-0335-400D-9F3A-9039344BE471}.Debug|x64.ActiveCfg = Debug|Any CPU
		{A0EB328B-0335-400D-9F3A-9039344BE471}.Debug|x64.Build.0 = Debug|Any CPU
		{A0EB328B-0335-400D-9F3A-9039344BE471}.Debug|x86.ActiveCfg = Debug|Any CPU
		{A0EB328B-0335-400D-9F3A-9039344BE471}.Debug|x86.Build.0 = Debug|Any CPU
		{A0EB328B-0335-400D-9F3A-9039344BE471}.Release|Any CPU.ActiveCfg = Release|Any CPU
		{A0EB328B-0335-400D-9F3A-9039344BE471}.Release|Any CPU.Build.0 = Release|Any CPU
		{A0EB328B-0335-400D-9F3A-9039344BE471}.Release|x64.ActiveCfg = Release|Any CPU
		{A0EB328B-0335-400D-9F3A-9039344BE471}.Release|x64.Build.0 = Release|Any CPU
		{A0EB328B-0335-400D-9F3A-9039344BE471}.Release|x86.ActiveCfg = Release|Any CPU
		{A0EB328B-0335-400D-9F3A-9039344BE471}.Release|x86.Build.0 = Release|Any CPU
		{BB251A00-C46F-414C-B122-190A7178FDF9}.Debug|Any CPU.ActiveCfg = Debug|Any CPU
		{BB251A00-C46F-414C-B122-190A7178FDF9}.Debug|Any CPU.Build.0 = Debug|Any CPU
		{BB251A00-C46F-414C-B122-190A7178FDF9}.Debug|x64.ActiveCfg = Debug|Any CPU
		{BB251A00-C46F-414C-B122-190A7178FDF9}.Debug|x64.Build.0 = Debug|Any CPU
		{BB251A00-C46F-414C-B122-190A7178FDF9}.Debug|x86.ActiveCfg = Debug|Any CPU
		{BB251A00-C46F-414C-B122-190A7178FDF9}.Debug|x86.Build.0 = Debug|Any CPU
		{BB251A00-C46F-414C-B122-190A7178FDF9}.Release|Any CPU.ActiveCfg = Release|Any CPU
		{BB251A00-C46F-414C-B122-190A7178FDF9}.Release|Any CPU.Build.0 = Release|Any CPU
		{BB251A00-C46F-414C-B122-190A7178FDF9}.Release|x64.ActiveCfg = Release|Any CPU
		{BB251A00-C46F-414C-B122-190A7178FDF9}.Release|x64.Build.0 = Release|Any CPU
		{BB251A00-C46F-414C-B122-190A7178FDF9}.Release|x86.ActiveCfg = Release|Any CPU
		{BB251A00-C46F-414C-B122-190A7178FDF9}.Release|x86.Build.0 = Release|Any CPU
		{C1ACF9DF-F635-46E3-8B38-5B9674C86DCB}.Debug|Any CPU.ActiveCfg = Debug|Any CPU
		{C1ACF9DF-F635-46E3-8B38-5B9674C86DCB}.Debug|Any CPU.Build.0 = Debug|Any CPU
		{C1ACF9DF-F635-46E3-8B38-5B9674C86DCB}.Debug|x64.ActiveCfg = Debug|Any CPU
		{C1ACF9DF-F635-46E3-8B38-5B9674C86DCB}.Debug|x64.Build.0 = Debug|Any CPU
		{C1ACF9DF-F635-46E3-8B38-5B9674C86DCB}.Debug|x86.ActiveCfg = Debug|Any CPU
		{C1ACF9DF-F635-46E3-8B38-5B9674C86DCB}.Debug|x86.Build.0 = Debug|Any CPU
		{C1ACF9DF-F635-46E3-8B38-5B9674C86DCB}.Release|Any CPU.ActiveCfg = Release|Any CPU
		{C1ACF9DF-F635-46E3-8B38-5B9674C86DCB}.Release|Any CPU.Build.0 = Release|Any CPU
		{C1ACF9DF-F635-46E3-8B38-5B9674C86DCB}.Release|x64.ActiveCfg = Release|Any CPU
		{C1ACF9DF-F635-46E3-8B38-5B9674C86DCB}.Release|x64.Build.0 = Release|Any CPU
		{C1ACF9DF-F635-46E3-8B38-5B9674C86DCB}.Release|x86.ActiveCfg = Release|Any CPU
		{C1ACF9DF-F635-46E3-8B38-5B9674C86DCB}.Release|x86.Build.0 = Release|Any CPU
		{B30727E4-F0E2-45E4-BD09-7A0D72513E02}.Debug|Any CPU.ActiveCfg = Debug|Any CPU
		{B30727E4-F0E2-45E4-BD09-7A0D72513E02}.Debug|Any CPU.Build.0 = Debug|Any CPU
		{B30727E4-F0E2-45E4-BD09-7A0D72513E02}.Debug|x64.ActiveCfg = Debug|Any CPU
		{B30727E4-F0E2-45E4-BD09-7A0D72513E02}.Debug|x64.Build.0 = Debug|Any CPU
		{B30727E4-F0E2-45E4-BD09-7A0D72513E02}.Debug|x86.ActiveCfg = Debug|Any CPU
		{B30727E4-F0E2-45E4-BD09-7A0D72513E02}.Debug|x86.Build.0 = Debug|Any CPU
		{B30727E4-F0E2-45E4-BD09-7A0D72513E02}.Release|Any CPU.ActiveCfg = Release|Any CPU
		{B30727E4-F0E2-45E4-BD09-7A0D72513E02}.Release|Any CPU.Build.0 = Release|Any CPU
		{B30727E4-F0E2-45E4-BD09-7A0D72513E02}.Release|x64.ActiveCfg = Release|Any CPU
		{B30727E4-F0E2-45E4-BD09-7A0D72513E02}.Release|x64.Build.0 = Release|Any CPU
		{B30727E4-F0E2-45E4-BD09-7A0D72513E02}.Release|x86.ActiveCfg = Release|Any CPU
		{B30727E4-F0E2-45E4-BD09-7A0D72513E02}.Release|x86.Build.0 = Release|Any CPU
		{481E30EE-F57B-44AE-BA3C-9DF194713E33}.Debug|Any CPU.ActiveCfg = Debug|Any CPU
		{481E30EE-F57B-44AE-BA3C-9DF194713E33}.Debug|Any CPU.Build.0 = Debug|Any CPU
		{481E30EE-F57B-44AE-BA3C-9DF194713E33}.Debug|x64.ActiveCfg = Debug|Any CPU
		{481E30EE-F57B-44AE-BA3C-9DF194713E33}.Debug|x64.Build.0 = Debug|Any CPU
		{481E30EE-F57B-44AE-BA3C-9DF194713E33}.Debug|x86.ActiveCfg = Debug|Any CPU
		{481E30EE-F57B-44AE-BA3C-9DF194713E33}.Debug|x86.Build.0 = Debug|Any CPU
		{481E30EE-F57B-44AE-BA3C-9DF194713E33}.Release|Any CPU.ActiveCfg = Release|Any CPU
		{481E30EE-F57B-44AE-BA3C-9DF194713E33}.Release|Any CPU.Build.0 = Release|Any CPU
		{481E30EE-F57B-44AE-BA3C-9DF194713E33}.Release|x64.ActiveCfg = Release|Any CPU
		{481E30EE-F57B-44AE-BA3C-9DF194713E33}.Release|x64.Build.0 = Release|Any CPU
		{481E30EE-F57B-44AE-BA3C-9DF194713E33}.Release|x86.ActiveCfg = Release|Any CPU
		{481E30EE-F57B-44AE-BA3C-9DF194713E33}.Release|x86.Build.0 = Release|Any CPU
		{351DC3E2-241B-4431-9D4A-A896A1495425}.Debug|Any CPU.ActiveCfg = Debug|Any CPU
		{351DC3E2-241B-4431-9D4A-A896A1495425}.Debug|Any CPU.Build.0 = Debug|Any CPU
		{351DC3E2-241B-4431-9D4A-A896A1495425}.Debug|x64.ActiveCfg = Debug|Any CPU
		{351DC3E2-241B-4431-9D4A-A896A1495425}.Debug|x64.Build.0 = Debug|Any CPU
		{351DC3E2-241B-4431-9D4A-A896A1495425}.Debug|x86.ActiveCfg = Debug|Any CPU
		{351DC3E2-241B-4431-9D4A-A896A1495425}.Debug|x86.Build.0 = Debug|Any CPU
		{351DC3E2-241B-4431-9D4A-A896A1495425}.Release|Any CPU.ActiveCfg = Release|Any CPU
		{351DC3E2-241B-4431-9D4A-A896A1495425}.Release|Any CPU.Build.0 = Release|Any CPU
		{351DC3E2-241B-4431-9D4A-A896A1495425}.Release|x64.ActiveCfg = Release|Any CPU
		{351DC3E2-241B-4431-9D4A-A896A1495425}.Release|x64.Build.0 = Release|Any CPU
		{351DC3E2-241B-4431-9D4A-A896A1495425}.Release|x86.ActiveCfg = Release|Any CPU
		{351DC3E2-241B-4431-9D4A-A896A1495425}.Release|x86.Build.0 = Release|Any CPU
	EndGlobalSection
	GlobalSection(SolutionProperties) = preSolution
		HideSolutionNode = FALSE
	EndGlobalSection
	GlobalSection(NestedProjects) = preSolution
		{EE5B2EC2-460B-4AAD-B58B-B9603685BC67} = {827E0CD3-B72D-47B6-A68D-7590B98EB39B}
		{CC700312-52DC-4907-9AC3-FB2158B2253B} = {827E0CD3-B72D-47B6-A68D-7590B98EB39B}
		{984BB9B3-3FA3-BE33-9484-CAC21695A33C} = {827E0CD3-B72D-47B6-A68D-7590B98EB39B}
		{1BFC9479-12BF-35C3-06B8-42D89D95092B} = {984BB9B3-3FA3-BE33-9484-CAC21695A33C}
		{A8C86100-C836-4CB3-8A91-BA5C6C925ED3} = {1BFC9479-12BF-35C3-06B8-42D89D95092B}
		{8D6DAE33-E913-7C10-D9DC-8EE10E31038A} = {984BB9B3-3FA3-BE33-9484-CAC21695A33C}
		{47AF1604-0FC3-4E0A-8303-DC06D332DA4D} = {8D6DAE33-E913-7C10-D9DC-8EE10E31038A}
		{781060A2-47B6-8DB1-457A-25EE4B941072} = {984BB9B3-3FA3-BE33-9484-CAC21695A33C}
		{0D656327-A4CE-4A51-8907-ABF40DAA0AA2} = {781060A2-47B6-8DB1-457A-25EE4B941072}
		{3FB03296-F262-2760-9861-73C41AF3766C} = {984BB9B3-3FA3-BE33-9484-CAC21695A33C}
		{C5FBE174-8E0F-F5A3-B929-8BD0C55C0A32} = {984BB9B3-3FA3-BE33-9484-CAC21695A33C}
		{4BC15014-E64F-4BA1-8335-F2F6F1EAD531} = {C5FBE174-8E0F-F5A3-B929-8BD0C55C0A32}
		{15205FB7-FFC1-5D2C-3DA3-496B77A968F0} = {984BB9B3-3FA3-BE33-9484-CAC21695A33C}
		{8EA49C2B-A984-EA72-4646-7E60B35BA0FC} = {984BB9B3-3FA3-BE33-9484-CAC21695A33C}
		{312C738D-A4D7-49F8-A32A-AA16ABE06B99} = {8EA49C2B-A984-EA72-4646-7E60B35BA0FC}
		{5AFB76E0-5870-0CFD-DAC0-FE3ADB92FF83} = {984BB9B3-3FA3-BE33-9484-CAC21695A33C}
		{023B9AA2-7486-B2A3-4322-CC29E28BB2EB} = {984BB9B3-3FA3-BE33-9484-CAC21695A33C}
		{B714A327-4A87-4115-ADC4-19F48B24C727} = {023B9AA2-7486-B2A3-4322-CC29E28BB2EB}
		{42299874-777B-F2D0-9D08-D24097ABCE7E} = {827E0CD3-B72D-47B6-A68D-7590B98EB39B}
		{B909240E-54CE-5A78-9426-B49981DB29AD} = {42299874-777B-F2D0-9D08-D24097ABCE7E}
		{A0EB328B-0335-400D-9F3A-9039344BE471} = {B909240E-54CE-5A78-9426-B49981DB29AD}
		{4F4F1A4F-82EE-C461-606C-2A3F43705FB8} = {42299874-777B-F2D0-9D08-D24097ABCE7E}
		{BB251A00-C46F-414C-B122-190A7178FDF9} = {4F4F1A4F-82EE-C461-606C-2A3F43705FB8}
		{C1ACF9DF-F635-46E3-8B38-5B9674C86DCB} = {42299874-777B-F2D0-9D08-D24097ABCE7E}
		{6BF85B35-DBB4-AB30-6B6F-FD7DC0736DFA} = {42299874-777B-F2D0-9D08-D24097ABCE7E}
		{B30727E4-F0E2-45E4-BD09-7A0D72513E02} = {6BF85B35-DBB4-AB30-6B6F-FD7DC0736DFA}
		{A974CE43-FE4B-D811-309A-5349E7AF3A05} = {42299874-777B-F2D0-9D08-D24097ABCE7E}
		{481E30EE-F57B-44AE-BA3C-9DF194713E33} = {A974CE43-FE4B-D811-309A-5349E7AF3A05}
		{351DC3E2-241B-4431-9D4A-A896A1495425} = {A974CE43-FE4B-D811-309A-5349E7AF3A05}
	EndGlobalSection
EndGlobal
